[[package]]
name = "ansi_term"
version = "0.9.0"
source = "registry+https://github.com/rust-lang/crates.io-index"

[[package]]
name = "atty"
version = "0.2.2"
source = "registry+https://github.com/rust-lang/crates.io-index"
dependencies = [
 "kernel32-sys 0.2.2 (registry+https://github.com/rust-lang/crates.io-index)",
 "libc 0.2.24 (registry+https://github.com/rust-lang/crates.io-index)",
 "winapi 0.2.8 (registry+https://github.com/rust-lang/crates.io-index)",
]

[[package]]
name = "barnacleboy"
version = "0.1.0"
dependencies = [
 "clap 2.25.0 (registry+https://github.com/rust-lang/crates.io-index)",
 "minifb 0.9.1 (registry+https://github.com/rust-lang/crates.io-index)",
]

[[package]]
name = "bitflags"
version = "0.9.1"
source = "registry+https://github.com/rust-lang/crates.io-index"

[[package]]
name = "clap"
version = "2.25.0"
source = "registry+https://github.com/rust-lang/crates.io-index"
dependencies = [
 "ansi_term 0.9.0 (registry+https://github.com/rust-lang/crates.io-index)",
 "atty 0.2.2 (registry+https://github.com/rust-lang/crates.io-index)",
 "bitflags 0.9.1 (registry+https://github.com/rust-lang/crates.io-index)",
 "strsim 0.6.0 (registry+https://github.com/rust-lang/crates.io-index)",
 "term_size 0.3.0 (registry+https://github.com/rust-lang/crates.io-index)",
 "textwrap 0.6.0 (registry+https://github.com/rust-lang/crates.io-index)",
 "unicode-segmentation 1.1.0 (registry+https://github.com/rust-lang/crates.io-index)",
 "unicode-width 0.1.4 (registry+https://github.com/rust-lang/crates.io-index)",
 "vec_map 0.8.0 (registry+https://github.com/rust-lang/crates.io-index)",
]

[[package]]
name = "dylib"
version = "0.0.1"
source = "registry+https://github.com/rust-lang/crates.io-index"
dependencies = [
 "libc 0.2.24 (registry+https://github.com/rust-lang/crates.io-index)",
]

[[package]]
name = "gcc"
version = "0.3.51"
source = "registry+https://github.com/rust-lang/crates.io-index"

[[package]]
name = "gdi32-sys"
version = "0.1.1"
source = "registry+https://github.com/rust-lang/crates.io-index"
dependencies = [
 "winapi 0.2.8 (registry+https://github.com/rust-lang/crates.io-index)",
]

[[package]]
name = "kernel32-sys"
version = "0.1.4"
source = "registry+https://github.com/rust-lang/crates.io-index"
dependencies = [
 "winapi 0.2.8 (registry+https://github.com/rust-lang/crates.io-index)",
 "winapi-build 0.1.1 (registry+https://github.com/rust-lang/crates.io-index)",
]

[[package]]
name = "kernel32-sys"
version = "0.2.2"
source = "registry+https://github.com/rust-lang/crates.io-index"
dependencies = [
 "winapi 0.2.8 (registry+https://github.com/rust-lang/crates.io-index)",
 "winapi-build 0.1.1 (registry+https://github.com/rust-lang/crates.io-index)",
]

[[package]]
name = "libc"
version = "0.1.12"
source = "registry+https://github.com/rust-lang/crates.io-index"

[[package]]
name = "libc"
version = "0.2.24"
source = "registry+https://github.com/rust-lang/crates.io-index"

[[package]]
name = "minifb"
version = "0.9.1"
source = "registry+https://github.com/rust-lang/crates.io-index"
dependencies = [
 "gcc 0.3.51 (registry+https://github.com/rust-lang/crates.io-index)",
 "gdi32-sys 0.1.1 (registry+https://github.com/rust-lang/crates.io-index)",
 "kernel32-sys 0.1.4 (registry+https://github.com/rust-lang/crates.io-index)",
 "time 0.1.37 (registry+https://github.com/rust-lang/crates.io-index)",
 "user32-sys 0.1.2 (registry+https://github.com/rust-lang/crates.io-index)",
 "winapi 0.2.8 (registry+https://github.com/rust-lang/crates.io-index)",
 "x11-dl 2.2.1 (registry+https://github.com/rust-lang/crates.io-index)",
]

[[package]]
name = "redox_syscall"
version = "0.1.19"
source = "registry+https://github.com/rust-lang/crates.io-index"

[[package]]
name = "strsim"
version = "0.6.0"
source = "registry+https://github.com/rust-lang/crates.io-index"

[[package]]
name = "term_size"
version = "0.3.0"
source = "registry+https://github.com/rust-lang/crates.io-index"
dependencies = [
 "kernel32-sys 0.2.2 (registry+https://github.com/rust-lang/crates.io-index)",
 "libc 0.2.24 (registry+https://github.com/rust-lang/crates.io-index)",
 "winapi 0.2.8 (registry+https://github.com/rust-lang/crates.io-index)",
]

[[package]]
name = "textwrap"
version = "0.6.0"
source = "registry+https://github.com/rust-lang/crates.io-index"
dependencies = [
 "term_size 0.3.0 (registry+https://github.com/rust-lang/crates.io-index)",
 "unicode-width 0.1.4 (registry+https://github.com/rust-lang/crates.io-index)",
]

[[package]]
name = "time"
version = "0.1.37"
source = "registry+https://github.com/rust-lang/crates.io-index"
dependencies = [
 "kernel32-sys 0.2.2 (registry+https://github.com/rust-lang/crates.io-index)",
 "libc 0.2.24 (registry+https://github.com/rust-lang/crates.io-index)",
 "redox_syscall 0.1.19 (registry+https://github.com/rust-lang/crates.io-index)",
 "winapi 0.2.8 (registry+https://github.com/rust-lang/crates.io-index)",
]

[[package]]
name = "unicode-segmentation"
version = "1.1.0"
source = "registry+https://github.com/rust-lang/crates.io-index"

[[package]]
name = "unicode-width"
version = "0.1.4"
source = "registry+https://github.com/rust-lang/crates.io-index"

[[package]]
name = "user32-sys"
version = "0.1.2"
source = "registry+https://github.com/rust-lang/crates.io-index"
dependencies = [
 "winapi 0.2.8 (registry+https://github.com/rust-lang/crates.io-index)",
 "winapi-build 0.1.1 (registry+https://github.com/rust-lang/crates.io-index)",
]

[[package]]
name = "vec_map"
version = "0.8.0"
source = "registry+https://github.com/rust-lang/crates.io-index"

[[package]]
name = "winapi"
version = "0.2.8"
source = "registry+https://github.com/rust-lang/crates.io-index"

[[package]]
name = "winapi-build"
version = "0.1.1"
source = "registry+https://github.com/rust-lang/crates.io-index"

[[package]]
name = "x11-dl"
version = "2.2.1"
source = "registry+https://github.com/rust-lang/crates.io-index"
dependencies = [
 "dylib 0.0.1 (registry+https://github.com/rust-lang/crates.io-index)",
 "libc 0.1.12 (registry+https://github.com/rust-lang/crates.io-index)",
]

[metadata]
"checksum ansi_term 0.9.0 (registry+https://github.com/rust-lang/crates.io-index)" = "23ac7c30002a5accbf7e8987d0632fa6de155b7c3d39d0067317a391e00a2ef6"
"checksum atty 0.2.2 (registry+https://github.com/rust-lang/crates.io-index)" = "d912da0db7fa85514874458ca3651fe2cddace8d0b0505571dbdcd41ab490159"
"checksum bitflags 0.9.1 (registry+https://github.com/rust-lang/crates.io-index)" = "4efd02e230a02e18f92fc2735f44597385ed02ad8f831e7c1c1156ee5e1ab3a5"
"checksum clap 2.25.0 (registry+https://github.com/rust-lang/crates.io-index)" = "867a885995b4184be051b70a592d4d70e32d7a188db6e8dff626af286a962771"
"checksum dylib 0.0.1 (registry+https://github.com/rust-lang/crates.io-index)" = "cdff070fc467d71f23c5ac5ebfa0867e8f31146ef529b777723e8cba815e47ae"
"checksum gcc 0.3.51 (registry+https://github.com/rust-lang/crates.io-index)" = "120d07f202dcc3f72859422563522b66fe6463a4c513df062874daad05f85f0a"
"checksum gdi32-sys 0.1.1 (registry+https://github.com/rust-lang/crates.io-index)" = "65256ec4dc2592e6f05bfc1ca3b956a4e0698aa90b1dff1f5687d55a5a3fd59a"
"checksum kernel32-sys 0.1.4 (registry+https://github.com/rust-lang/crates.io-index)" = "e014dab1082fd9d80ea1fa6fcb261b47ed3eb511612a14198bb507701add083e"
"checksum kernel32-sys 0.2.2 (registry+https://github.com/rust-lang/crates.io-index)" = "7507624b29483431c0ba2d82aece8ca6cdba9382bff4ddd0f7490560c056098d"
"checksum libc 0.1.12 (registry+https://github.com/rust-lang/crates.io-index)" = "e32a70cf75e5846d53a673923498228bbec6a8624708a9ea5645f075d6276122"
"checksum libc 0.2.24 (registry+https://github.com/rust-lang/crates.io-index)" = "38f5c2b18a287cf78b4097db62e20f43cace381dc76ae5c0a3073067f78b7ddc"
"checksum minifb 0.9.1 (registry+https://github.com/rust-lang/crates.io-index)" = "e6b5aaa56c930092d9e4673ed7e04935893c8d1a53372ed11e6025606c90e792"
"checksum redox_syscall 0.1.19 (registry+https://github.com/rust-lang/crates.io-index)" = "e4a357d14a12e90a37d658725df0e6468504750b5948b9710f83f94a0c5818e8"
"checksum strsim 0.6.0 (registry+https://github.com/rust-lang/crates.io-index)" = "b4d15c810519a91cf877e7e36e63fe068815c678181439f2f29e2562147c3694"
"checksum term_size 0.3.0 (registry+https://github.com/rust-lang/crates.io-index)" = "e2b6b55df3198cc93372e85dd2ed817f0e38ce8cc0f22eb32391bfad9c4bf209"
"checksum textwrap 0.6.0 (registry+https://github.com/rust-lang/crates.io-index)" = "f86300c3e7416ee233abd7cda890c492007a3980f941f79185c753a701257167"
"checksum time 0.1.37 (registry+https://github.com/rust-lang/crates.io-index)" = "ffd7ccbf969a892bf83f1e441126968a07a3941c24ff522a26af9f9f4585d1a3"
"checksum unicode-segmentation 1.1.0 (registry+https://github.com/rust-lang/crates.io-index)" = "18127285758f0e2c6cf325bb3f3d138a12fee27de4f23e146cd6a179f26c2cf3"
"checksum unicode-width 0.1.4 (registry+https://github.com/rust-lang/crates.io-index)" = "bf3a113775714a22dcb774d8ea3655c53a32debae63a063acc00a91cc586245f"
"checksum user32-sys 0.1.2 (registry+https://github.com/rust-lang/crates.io-index)" = "6717129de5ac253f5642fc78a51d0c7de6f9f53d617fc94e9bae7f6e71cf5504"
"checksum vec_map 0.8.0 (registry+https://github.com/rust-lang/crates.io-index)" = "887b5b631c2ad01628bbbaa7dd4c869f80d3186688f8d0b6f58774fbe324988c"
"checksum winapi 0.2.8 (registry+https://github.com/rust-lang/crates.io-index)" = "167dc9d6949a9b857f3451275e911c3f44255842c1f7a76f33c55103a909087a"
"checksum winapi-build 0.1.1 (registry+https://github.com/rust-lang/crates.io-index)" = "2d315eee3b34aca4797b2da6b13ed88266e6d612562a0c46390af8299fc699bc"
"checksum x11-dl 2.2.1 (registry+https://github.com/rust-lang/crates.io-index)" = "349db8b7b8be6031ac00cb49ac8b8389e5e1b1743300d2873223be80d35fd216"
